
Microsoft Visual Studio Solution File, Format Version 12.00
# Visual Studio Version 16
VisualStudioVersion = 16.0.35130.168
MinimumVisualStudioVersion = 10.0.40219.1
Project("{FAE04EC0-301F-11D3-BF4B-00C04F79EFBC}") = "AuctionManagementApplication", "AuctionManagementApplication\AuctionManagementApplication.csproj", "{F1DEA46D-AE9F-4E9B-8942-FCE3F3F90E85}"
EndProject
Project("{2150E333-8FDC-42A3-9474-1A3956D46DE8}") = "source", "source", "{90400C49-A561-4D55-87D9-59DBD5E65276}"
EndProject
Project("{2150E333-8FDC-42A3-9474-1A3956D46DE8}") = "DataLayer", "DataLayer", "{49023522-078E-4F2C-B8B2-74F1BEBD9017}"
	ProjectSection(SolutionItems) = preProject
		stylecop.json = stylecop.json
	EndProjectSection
EndProject
Project("{2150E333-8FDC-42A3-9474-1A3956D46DE8}") = "DomainLayer", "DomainLayer", "{6792042D-462E-4687-B5CF-9FE2FC58F3BE}"
EndProject
Project("{FAE04EC0-301F-11D3-BF4B-00C04F79EFBC}") = "DataMapper", "DataMapper\DataMapper.csproj", "{1F060EE6-0ED6-42EB-8C3D-D7712F59C3ED}"
EndProject
Project("{2150E333-8FDC-42A3-9474-1A3956D46DE8}") = "DomainModel", "DomainModel", "{C148D15E-D139-44C7-BE22-096EF7BE2F04}"
EndProject
Project("{2150E333-8FDC-42A3-9474-1A3956D46DE8}") = "ServiceLayer", "ServiceLayer", "{A76CEB10-A0C8-4C22-91DF-FF6DA57A5324}"
EndProject
Project("{FAE04EC0-301F-11D3-BF4B-00C04F79EFBC}") = "DomainModel", "DomainModel\DomainModel.csproj", "{7DD302A2-651B-4128-9A1E-7E85C0D11A0B}"
EndProject
Project("{FAE04EC0-301F-11D3-BF4B-00C04F79EFBC}") = "ServiceLayer", "ServiceLayer\ServiceLayer.csproj", "{8C2849C9-0D92-41D6-A038-37D68FF1C8DD}"
EndProject
Project("{FAE04EC0-301F-11D3-BF4B-00C04F79EFBC}") = "TestServiceLayer", "TestServiceLayer\TestServiceLayer.csproj", "{D7A9116E-2B11-4FC6-9237-F0E5DFABB960}"
EndProject
Project("{FAE04EC0-301F-11D3-BF4B-00C04F79EFBC}") = "TestDomainModel", "TestDomainModel\TestDomainModel.csproj", "{AC2DCC63-1EB9-400A-AC81-006637B109E3}"
EndProject
Project("{FAE04EC0-301F-11D3-BF4B-00C04F79EFBC}") = "TestDataMApper", "TestDataMApper\TestDataMApper.csproj", "{C63F7D9F-F090-4E58-9A5A-904069F35230}"
EndProject
Project("{2150E333-8FDC-42A3-9474-1A3956D46DE8}") = "Solution Items", "Solution Items", "{317D3641-D5FE-4854-B33E-3064CFE8E7AC}"
	ProjectSection(SolutionItems) = preProject
		log4net.config = log4net.config
		stylecop.json = stylecop.json
	EndProjectSection
EndProject
Global
	GlobalSection(SolutionConfigurationPlatforms) = preSolution
		Debug|Any CPU = Debug|Any CPU
		Release|Any CPU = Release|Any CPU
	EndGlobalSection
	GlobalSection(ProjectConfigurationPlatforms) = postSolution
		{F1DEA46D-AE9F-4E9B-8942-FCE3F3F90E85}.Debug|Any CPU.ActiveCfg = Debug|Any CPU
		{F1DEA46D-AE9F-4E9B-8942-FCE3F3F90E85}.Debug|Any CPU.Build.0 = Debug|Any CPU
		{F1DEA46D-AE9F-4E9B-8942-FCE3F3F90E85}.Release|Any CPU.ActiveCfg = Release|Any CPU
		{F1DEA46D-AE9F-4E9B-8942-FCE3F3F90E85}.Release|Any CPU.Build.0 = Release|Any CPU
		{1F060EE6-0ED6-42EB-8C3D-D7712F59C3ED}.Debug|Any CPU.ActiveCfg = Debug|Any CPU
		{1F060EE6-0ED6-42EB-8C3D-D7712F59C3ED}.Debug|Any CPU.Build.0 = Debug|Any CPU
		{1F060EE6-0ED6-42EB-8C3D-D7712F59C3ED}.Release|Any CPU.ActiveCfg = Release|Any CPU
		{1F060EE6-0ED6-42EB-8C3D-D7712F59C3ED}.Release|Any CPU.Build.0 = Release|Any CPU
		{7DD302A2-651B-4128-9A1E-7E85C0D11A0B}.Debug|Any CPU.ActiveCfg = Debug|Any CPU
		{7DD302A2-651B-4128-9A1E-7E85C0D11A0B}.Debug|Any CPU.Build.0 = Debug|Any CPU
		{7DD302A2-651B-4128-9A1E-7E85C0D11A0B}.Release|Any CPU.ActiveCfg = Release|Any CPU
		{7DD302A2-651B-4128-9A1E-7E85C0D11A0B}.Release|Any CPU.Build.0 = Release|Any CPU
		{8C2849C9-0D92-41D6-A038-37D68FF1C8DD}.Debug|Any CPU.ActiveCfg = Debug|Any CPU
		{8C2849C9-0D92-41D6-A038-37D68FF1C8DD}.Debug|Any CPU.Build.0 = Debug|Any CPU
		{8C2849C9-0D92-41D6-A038-37D68FF1C8DD}.Release|Any CPU.ActiveCfg = Release|Any CPU
		{8C2849C9-0D92-41D6-A038-37D68FF1C8DD}.Release|Any CPU.Build.0 = Release|Any CPU
		{D7A9116E-2B11-4FC6-9237-F0E5DFABB960}.Debug|Any CPU.ActiveCfg = Debug|Any CPU
		{D7A9116E-2B11-4FC6-9237-F0E5DFABB960}.Debug|Any CPU.Build.0 = Debug|Any CPU
		{D7A9116E-2B11-4FC6-9237-F0E5DFABB960}.Release|Any CPU.ActiveCfg = Release|Any CPU
		{D7A9116E-2B11-4FC6-9237-F0E5DFABB960}.Release|Any CPU.Build.0 = Release|Any CPU
		{AC2DCC63-1EB9-400A-AC81-006637B109E3}.Debug|Any CPU.ActiveCfg = Debug|Any CPU
		{AC2DCC63-1EB9-400A-AC81-006637B109E3}.Debug|Any CPU.Build.0 = Debug|Any CPU
		{AC2DCC63-1EB9-400A-AC81-006637B109E3}.Release|Any CPU.ActiveCfg = Release|Any CPU
		{AC2DCC63-1EB9-400A-AC81-006637B109E3}.Release|Any CPU.Build.0 = Release|Any CPU
		{C63F7D9F-F090-4E58-9A5A-904069F35230}.Debug|Any CPU.ActiveCfg = Debug|Any CPU
		{C63F7D9F-F090-4E58-9A5A-904069F35230}.Debug|Any CPU.Build.0 = Debug|Any CPU
		{C63F7D9F-F090-4E58-9A5A-904069F35230}.Release|Any CPU.ActiveCfg = Release|Any CPU
		{C63F7D9F-F090-4E58-9A5A-904069F35230}.Release|Any CPU.Build.0 = Release|Any CPU
	EndGlobalSection
	GlobalSection(SolutionProperties) = preSolution
		HideSolutionNode = FALSE
	EndGlobalSection
	GlobalSection(NestedProjects) = preSolution
		{49023522-078E-4F2C-B8B2-74F1BEBD9017} = {90400C49-A561-4D55-87D9-59DBD5E65276}
		{6792042D-462E-4687-B5CF-9FE2FC58F3BE} = {90400C49-A561-4D55-87D9-59DBD5E65276}
		{1F060EE6-0ED6-42EB-8C3D-D7712F59C3ED} = {49023522-078E-4F2C-B8B2-74F1BEBD9017}
		{C148D15E-D139-44C7-BE22-096EF7BE2F04} = {6792042D-462E-4687-B5CF-9FE2FC58F3BE}
		{A76CEB10-A0C8-4C22-91DF-FF6DA57A5324} = {6792042D-462E-4687-B5CF-9FE2FC58F3BE}
		{7DD302A2-651B-4128-9A1E-7E85C0D11A0B} = {C148D15E-D139-44C7-BE22-096EF7BE2F04}
		{8C2849C9-0D92-41D6-A038-37D68FF1C8DD} = {A76CEB10-A0C8-4C22-91DF-FF6DA57A5324}
		{D7A9116E-2B11-4FC6-9237-F0E5DFABB960} = {A76CEB10-A0C8-4C22-91DF-FF6DA57A5324}
		{AC2DCC63-1EB9-400A-AC81-006637B109E3} = {C148D15E-D139-44C7-BE22-096EF7BE2F04}
		{C63F7D9F-F090-4E58-9A5A-904069F35230} = {49023522-078E-4F2C-B8B2-74F1BEBD9017}
	EndGlobalSection
	GlobalSection(ExtensibilityGlobals) = postSolution
		SolutionGuid = {BD9B1861-2CE8-4178-89E2-F381FD5DBAAD}
	EndGlobalSection
EndGlobal
